
Microsoft Visual Studio Solution File, Format Version 12.00
# Visual Studio Version 17
VisualStudioVersion = 17.2.32526.322
MinimumVisualStudioVersion = 10.0.40219.1
Project("{FAE04EC0-301F-11D3-BF4B-00C04F79EFBC}") = "WindowsFormsAppsssssssssssssss", "WindowsFormsAppsssssssssssssss\WindowsFormsAppsssssssssssssss.csproj", "{CC94A57D-9416-4580-B8FD-AA80FEF470F5}"
EndProject
Global
	GlobalSection(SolutionConfigurationPlatforms) = preSolution
		Debug|Any CPU = Debug|Any CPU
		Release|Any CPU = Release|Any CPU
	EndGlobalSection
	GlobalSection(ProjectConfigurationPlatforms) = postSolution
		{CC94A57D-9416-4580-B8FD-AA80FEF470F5}.Debug|Any CPU.ActiveCfg = Debug|Any CPU
		{CC94A57D-9416-4580-B8FD-AA80FEF470F5}.Debug|Any CPU.Build.0 = Debug|Any CPU
		{CC94A57D-9416-4580-B8FD-AA80FEF470F5}.Release|Any CPU.ActiveCfg = Release|Any CPU
		{CC94A57D-9416-4580-B8FD-AA80FEF470F5}.Release|Any CPU.Build.0 = Release|Any CPU
	EndGlobalSection
	GlobalSection(SolutionProperties) = preSolution
		HideSolutionNode = FALSE
	EndGlobalSection
	GlobalSection(ExtensibilityGlobals) = postSolution
		SolutionGuid = {EBBB6492-2183-4ABE-8815-B06453AA4C45}
	EndGlobalSection
EndGlobal
